
Microsoft Visual Studio Solution File, Format Version 12.00
# Visual Studio Version 16
VisualStudioVersion = 16.0.31624.102
MinimumVisualStudioVersion = 10.0.40219.1
Project("{9A19103F-16F7-4668-BE54-9A1E7A4F7556}") = "Altkom.Shop.Models", "Altkom.Shop.Models\Altkom.Shop.Models.csproj", "{4E777759-2ECA-4273-831F-DF1201540BB3}"
EndProject
Project("{FAE04EC0-301F-11D3-BF4B-00C04F79EFBC}") = "Altkom.Shop.WebApi", "Altkom.Shop.WebApi\Altkom.Shop.WebApi.csproj", "{E9179226-85ED-482B-9215-C44499CA0867}"
EndProject
Project("{FAE04EC0-301F-11D3-BF4B-00C04F79EFBC}") = "Altkom.Shop.IServices", "Altkom.Shop.IServices\Altkom.Shop.IServices.csproj", "{BD6E0BD9-CB61-46B2-A1DC-A557C1903B44}"
EndProject
Project("{FAE04EC0-301F-11D3-BF4B-00C04F79EFBC}") = "Altkom.Shop.FakeServices", "Altkom.Shop.FakeServices\Altkom.Shop.FakeServices.csproj", "{F3B3FE8D-CD16-4AF4-BFF4-B09B959024AA}"
EndProject
Project("{FAE04EC0-301F-11D3-BF4B-00C04F79EFBC}") = "Altkom.Shop.Fakers", "Altkom.Shop.Fakers\Altkom.Shop.Fakers.csproj", "{325E363F-4DDF-4724-BCE2-1ADE59DA818F}"
EndProject
Project("{FAE04EC0-301F-11D3-BF4B-00C04F79EFBC}") = "Altkom.Shop.Api", "Altkom.Shop.Api\Altkom.Shop.Api.csproj", "{7C847D7A-E4C9-42C0-AC25-FF224E9AAE23}"
EndProject
Project("{FAE04EC0-301F-11D3-BF4B-00C04F79EFBC}") = "Altkom.Shop.SignalRServer", "Altkom.Shop.SignalRServer\Altkom.Shop.SignalRServer.csproj", "{3FCBE979-D106-4C32-B8FD-2DAADCD69B24}"
EndProject
Project("{FAE04EC0-301F-11D3-BF4B-00C04F79EFBC}") = "Altkom.Shop.SignalRSenderConsoleClient", "Altkom.Shop.SignalRSenderConsoleClient\Altkom.Shop.SignalRSenderConsoleClient.csproj", "{9DD00FE2-E5C1-4260-AB35-B18EE15A51E1}"
EndProject
Project("{FAE04EC0-301F-11D3-BF4B-00C04F79EFBC}") = "Altkom.Shop.SignalRReceiverConsoleClient", "Altkom.Shop.SignalRReceiverConsoleClient\Altkom.Shop.SignalRReceiverConsoleClient.csproj", "{8A72E8A1-F3C8-44E3-A63E-B6AFD62BE616}"
EndProject
Project("{FAE04EC0-301F-11D3-BF4B-00C04F79EFBC}") = "Altkom.Shop.GrpcServer", "Altkom.Shop.GrpcServer\Altkom.Shop.GrpcServer.csproj", "{5B6E4F50-2809-4A17-9DE3-DA538DD7CE34}"
EndProject
Global
	GlobalSection(SolutionConfigurationPlatforms) = preSolution
		Debug|Any CPU = Debug|Any CPU
		Release|Any CPU = Release|Any CPU
	EndGlobalSection
	GlobalSection(ProjectConfigurationPlatforms) = postSolution
		{4E777759-2ECA-4273-831F-DF1201540BB3}.Debug|Any CPU.ActiveCfg = Debug|Any CPU
		{4E777759-2ECA-4273-831F-DF1201540BB3}.Debug|Any CPU.Build.0 = Debug|Any CPU
		{4E777759-2ECA-4273-831F-DF1201540BB3}.Release|Any CPU.ActiveCfg = Release|Any CPU
		{4E777759-2ECA-4273-831F-DF1201540BB3}.Release|Any CPU.Build.0 = Release|Any CPU
		{E9179226-85ED-482B-9215-C44499CA0867}.Debug|Any CPU.ActiveCfg = Debug|Any CPU
		{E9179226-85ED-482B-9215-C44499CA0867}.Debug|Any CPU.Build.0 = Debug|Any CPU
		{E9179226-85ED-482B-9215-C44499CA0867}.Release|Any CPU.ActiveCfg = Release|Any CPU
		{E9179226-85ED-482B-9215-C44499CA0867}.Release|Any CPU.Build.0 = Release|Any CPU
		{BD6E0BD9-CB61-46B2-A1DC-A557C1903B44}.Debug|Any CPU.ActiveCfg = Debug|Any CPU
		{BD6E0BD9-CB61-46B2-A1DC-A557C1903B44}.Debug|Any CPU.Build.0 = Debug|Any CPU
		{BD6E0BD9-CB61-46B2-A1DC-A557C1903B44}.Release|Any CPU.ActiveCfg = Release|Any CPU
		{BD6E0BD9-CB61-46B2-A1DC-A557C1903B44}.Release|Any CPU.Build.0 = Release|Any CPU
		{F3B3FE8D-CD16-4AF4-BFF4-B09B959024AA}.Debug|Any CPU.ActiveCfg = Debug|Any CPU
		{F3B3FE8D-CD16-4AF4-BFF4-B09B959024AA}.Debug|Any CPU.Build.0 = Debug|Any CPU
		{F3B3FE8D-CD16-4AF4-BFF4-B09B959024AA}.Release|Any CPU.ActiveCfg = Release|Any CPU
		{F3B3FE8D-CD16-4AF4-BFF4-B09B959024AA}.Release|Any CPU.Build.0 = Release|Any CPU
		{325E363F-4DDF-4724-BCE2-1ADE59DA818F}.Debug|Any CPU.ActiveCfg = Debug|Any CPU
		{325E363F-4DDF-4724-BCE2-1ADE59DA818F}.Debug|Any CPU.Build.0 = Debug|Any CPU
		{325E363F-4DDF-4724-BCE2-1ADE59DA818F}.Release|Any CPU.ActiveCfg = Release|Any CPU
		{325E363F-4DDF-4724-BCE2-1ADE59DA818F}.Release|Any CPU.Build.0 = Release|Any CPU
		{7C847D7A-E4C9-42C0-AC25-FF224E9AAE23}.Debug|Any CPU.ActiveCfg = Debug|Any CPU
		{7C847D7A-E4C9-42C0-AC25-FF224E9AAE23}.Debug|Any CPU.Build.0 = Debug|Any CPU
		{7C847D7A-E4C9-42C0-AC25-FF224E9AAE23}.Release|Any CPU.ActiveCfg = Release|Any CPU
		{7C847D7A-E4C9-42C0-AC25-FF224E9AAE23}.Release|Any CPU.Build.0 = Release|Any CPU
		{3FCBE979-D106-4C32-B8FD-2DAADCD69B24}.Debug|Any CPU.ActiveCfg = Debug|Any CPU
		{3FCBE979-D106-4C32-B8FD-2DAADCD69B24}.Debug|Any CPU.Build.0 = Debug|Any CPU
		{3FCBE979-D106-4C32-B8FD-2DAADCD69B24}.Release|Any CPU.ActiveCfg = Release|Any CPU
		{3FCBE979-D106-4C32-B8FD-2DAADCD69B24}.Release|Any CPU.Build.0 = Release|Any CPU
		{9DD00FE2-E5C1-4260-AB35-B18EE15A51E1}.Debug|Any CPU.ActiveCfg = Debug|Any CPU
		{9DD00FE2-E5C1-4260-AB35-B18EE15A51E1}.Debug|Any CPU.Build.0 = Debug|Any CPU
		{9DD00FE2-E5C1-4260-AB35-B18EE15A51E1}.Release|Any CPU.ActiveCfg = Release|Any CPU
		{9DD00FE2-E5C1-4260-AB35-B18EE15A51E1}.Release|Any CPU.Build.0 = Release|Any CPU
		{8A72E8A1-F3C8-44E3-A63E-B6AFD62BE616}.Debug|Any CPU.ActiveCfg = Debug|Any CPU
		{8A72E8A1-F3C8-44E3-A63E-B6AFD62BE616}.Debug|Any CPU.Build.0 = Debug|Any CPU
		{8A72E8A1-F3C8-44E3-A63E-B6AFD62BE616}.Release|Any CPU.ActiveCfg = Release|Any CPU
		{8A72E8A1-F3C8-44E3-A63E-B6AFD62BE616}.Release|Any CPU.Build.0 = Release|Any CPU
		{5B6E4F50-2809-4A17-9DE3-DA538DD7CE34}.Debug|Any CPU.ActiveCfg = Debug|Any CPU
		{5B6E4F50-2809-4A17-9DE3-DA538DD7CE34}.Debug|Any CPU.Build.0 = Debug|Any CPU
		{5B6E4F50-2809-4A17-9DE3-DA538DD7CE34}.Release|Any CPU.ActiveCfg = Release|Any CPU
		{5B6E4F50-2809-4A17-9DE3-DA538DD7CE34}.Release|Any CPU.Build.0 = Release|Any CPU
	EndGlobalSection
	GlobalSection(SolutionProperties) = preSolution
		HideSolutionNode = FALSE
	EndGlobalSection
	GlobalSection(ExtensibilityGlobals) = postSolution
		SolutionGuid = {394E1AF3-2958-4BA6-8C20-E2F26ACC948F}
	EndGlobalSection
EndGlobal
